{
  "name": "dotfiles-backpass-package",
  "lockfileVersion": 3,
  "requires": true,
  "packages": {
    "": {
      "name": "dotfiles-backpass-package",
      "dependencies": {
        "backpass": "0.1.19"
      }
    },
    "node_modules/backpass": {
      "version": "0.1.19",
      "resolved": "https://registry.npmjs.org/backpass/-/backpass-0.1.19.tgz",
      "integrity": "sha512-+5RdmjvmN82QSUSVdfnoSspK24mB9lht8v1w6unsjxR0RWIb9xUmV7ZNMVPqqPQ0hKUtaV27Kd7oDfpIsBG2aA==",
      "license": "MIT",
      "bin": {
        "backpass": "bin/backpass.js"
      },
      "engines": {
        "node": ">=22.5.0"
      }
    }
  }
}
