{
  "name": "dotfiles-backpass-package",
  "lockfileVersion": 3,
  "requires": true,
  "packages": {
    "": {
      "name": "dotfiles-backpass-package",
      "dependencies": {
        "backpass": "0.1.15"
      }
    },
    "node_modules/backpass": {
      "version": "0.1.15",
      "resolved": "https://registry.npmjs.org/backpass/-/backpass-0.1.15.tgz",
      "integrity": "sha512-5oGue4QA4f0i9BLEFTJa4qsm6TXPbG8u2Aut4VaOwoewmDrc5dGxdxXEbwi7J1jz+prKTIvk79oneZTeTWBrlw==",
      "license": "MIT",
      "bin": {
        "backpass": "bin/backpass.js"
      },
      "engines": {
        "node": ">=22.5.0"
      }
    }
  }
}
