{
  "name": "dotfiles-backpass-package",
  "lockfileVersion": 3,
  "requires": true,
  "packages": {
    "": {
      "name": "dotfiles-backpass-package",
      "dependencies": {
        "backpass": "0.1.24"
      }
    },
    "node_modules/backpass": {
      "version": "0.1.24",
      "resolved": "https://registry.npmjs.org/backpass/-/backpass-0.1.24.tgz",
      "integrity": "sha512-tIN3YFGdqkRtcO0tUq3WaooK9vlUY1uBy0HX+H/+BtXR5LwN2984eIMsgfqcjSkpm+U1X+qQCJaMIhVDF6TfUg==",
      "license": "MIT",
      "bin": {
        "backpass": "bin/backpass.js"
      },
      "engines": {
        "node": ">=22.5.0"
      }
    }
  }
}
